// !$*UTF8*$!
{
	archiveVersion = 1;
	classes = {
	};
	objectVersion = 54;
	objects = {

/* Begin PBXBuildFile section */
		0C80B921A6F3F58F76C31292 /* libPods-Bolajon.a in Frameworks */ = {isa = PBXBuildFile; fileRef = 5DCACB8F33CDC322A6C60F78 /* libPods-Bolajon.a */; };
		13B07FBF1A68108700A75B9A /* Images.xcassets in Resources */ = {isa = PBXBuildFile; fileRef = 13B07FB51A68108700A75B9A /* Images.xcassets */; };
		761780ED2CA45674006654EE /* AppDelegate.swift in Sources */ = {isa = PBXBuildFile; fileRef = 761780EC2CA45674006654EE /* AppDelegate.swift */; };
		81AB9BB82411601600AC10FF /* LaunchScreen.storyboard in Resources */ = {isa = PBXBuildFile; fileRef = 81AB9BB72411601600AC10FF /* LaunchScreen.storyboard */; };
		D719F232632B45ED89199C9F /* Montserrat-Italic-VariableFont_wght.ttf in Resources */ = {isa = PBXBuildFile; fileRef = 79342E0699B84EF683C47E6A /* Montserrat-Italic-VariableFont_wght.ttf */; };
		BCFF7C057A624208A2B6745C /* Montserrat-VariableFont_wght.ttf in Resources */ = {isa = PBXBuildFile; fileRef = 8E1C586149344601932E221B /* Montserrat-VariableFont_wght.ttf */; };
		890738D6A6504F2D9D66DE7F /* Montserrat-Black.ttf in Resources */ = {isa = PBXBuildFile; fileRef = E538974C840442EB94B53EB4 /* Montserrat-Black.ttf */; };
		9077B94235CB41A989426EA5 /* Montserrat-BlackItalic.ttf in Resources */ = {isa = PBXBuildFile; fileRef = A0CCCF7893064F15AC0136D3 /* Montserrat-BlackItalic.ttf */; };
		DB8386A8114B495899CDD85F /* Montserrat-Bold.ttf in Resources */ = {isa = PBXBuildFile; fileRef = 054D98FE404147CAB248B9E6 /* Montserrat-Bold.ttf */; };
		8E7E3BEAE6EA42979B8A52BE /* Montserrat-BoldItalic.ttf in Resources */ = {isa = PBXBuildFile; fileRef = 193FD8CCA1904EB48D57B393 /* Montserrat-BoldItalic.ttf */; };
		854C92D4C20A4B2E8FACF884 /* Montserrat-ExtraBold.ttf in Resources */ = {isa = PBXBuildFile; fileRef = 59826E4DF34045BB92C5D64E /* Montserrat-ExtraBold.ttf */; };
		0E54AADB169F4434B94461D2 /* Montserrat-ExtraBoldItalic.ttf in Resources */ = {isa = PBXBuildFile; fileRef = 75C17B36282E41B9B700F0DE /* Montserrat-ExtraBoldItalic.ttf */; };
		E0B9B01EB3B6424D869209ED /* Montserrat-ExtraLight.ttf in Resources */ = {isa = PBXBuildFile; fileRef = 70773E30AC454CA0820E95A3 /* Montserrat-ExtraLight.ttf */; };
		9E9400EB1EA9476CB1A7DA19 /* Montserrat-ExtraLightItalic.ttf in Resources */ = {isa = PBXBuildFile; fileRef = 31E1813E3CBA4BB89BB55C7E /* Montserrat-ExtraLightItalic.ttf */; };
		70A04EFD51FA41BCACCD5AF5 /* Montserrat-Italic.ttf in Resources */ = {isa = PBXBuildFile; fileRef = 758A28485992438B9E25667D /* Montserrat-Italic.ttf */; };
		F25933302E8345729191D0E4 /* Montserrat-Light.ttf in Resources */ = {isa = PBXBuildFile; fileRef = 0D647433850D4091816F214B /* Montserrat-Light.ttf */; };
		C691D4C4F4B54C50B7490B02 /* Montserrat-LightItalic.ttf in Resources */ = {isa = PBXBuildFile; fileRef = A2B969757C9346929AA64B20 /* Montserrat-LightItalic.ttf */; };
		0C74D213202840E9966F9688 /* Montserrat-Medium.ttf in Resources */ = {isa = PBXBuildFile; fileRef = 5E3B76D52A994B2B92036E06 /* Montserrat-Medium.ttf */; };
		3E4909DA1C144AC3A7E91939 /* Montserrat-MediumItalic.ttf in Resources */ = {isa = PBXBuildFile; fileRef = 39C08DB2BB4D418AA73F8EBA /* Montserrat-MediumItalic.ttf */; };
		3C401FDF727D4BC29238BD17 /* Montserrat-Regular.ttf in Resources */ = {isa = PBXBuildFile; fileRef = 90C9D631C3AE4CF981DF18E8 /* Montserrat-Regular.ttf */; };
		7DCD7ED69A4842A6AA226146 /* Montserrat-SemiBold.ttf in Resources */ = {isa = PBXBuildFile; fileRef = E3A8C20FA1544811892BFBC8 /* Montserrat-SemiBold.ttf */; };
		841967DF0EC54BA38D62EB24 /* Montserrat-SemiBoldItalic.ttf in Resources */ = {isa = PBXBuildFile; fileRef = 09108F8E1C494005BAD9CB1B /* Montserrat-SemiBoldItalic.ttf */; };
		AA670420953A4A78B65AF003 /* Montserrat-Thin.ttf in Resources */ = {isa = PBXBuildFile; fileRef = 33B9B9DF9B704F229F1700D9 /* Montserrat-Thin.ttf */; };
		E88DC25B18FD463CADDDCA63 /* Montserrat-ThinItalic.ttf in Resources */ = {isa = PBXBuildFile; fileRef = B33B3BD7FCF04573A586A69C /* Montserrat-ThinItalic.ttf */; };
		88E209220D4647DE943C2845 /* Nunito-Italic-VariableFont_wght.ttf in Resources */ = {isa = PBXBuildFile; fileRef = E00E9749E64E41799E301D36 /* Nunito-Italic-VariableFont_wght.ttf */; };
		50E27C28D07A468A91E5BD2F /* Nunito-VariableFont_wght.ttf in Resources */ = {isa = PBXBuildFile; fileRef = C4FD23D010394EAAA8156104 /* Nunito-VariableFont_wght.ttf */; };
		2F1F83DE8B8A4D24952ED47A /* Nunito-Black.ttf in Resources */ = {isa = PBXBuildFile; fileRef = 2C246965EF4443759B26D773 /* Nunito-Black.ttf */; };
		D934001501F1481185EC27AE /* Nunito-BlackItalic.ttf in Resources */ = {isa = PBXBuildFile; fileRef = 5A03695E20E04792933A0BF2 /* Nunito-BlackItalic.ttf */; };
		C8AD5796261C4462ADFE9AB2 /* Nunito-Bold.ttf in Resources */ = {isa = PBXBuildFile; fileRef = F521473C92884E54B4A1E9B5 /* Nunito-Bold.ttf */; };
		78133BFC5D2C404685CA587C /* Nunito-BoldItalic.ttf in Resources */ = {isa = PBXBuildFile; fileRef = 245854DA2E4841B78EF12ABA /* Nunito-BoldItalic.ttf */; };
		43EABF2F10A6462E80D85753 /* Nunito-ExtraBold.ttf in Resources */ = {isa = PBXBuildFile; fileRef = 5290AF8B58FC40A1A985C579 /* Nunito-ExtraBold.ttf */; };
		0DF34D90BA004E359071B1F3 /* Nunito-ExtraBoldItalic.ttf in Resources */ = {isa = PBXBuildFile; fileRef = BCC5A8DC3F9B458F9B0E6CCD /* Nunito-ExtraBoldItalic.ttf */; };
		8DCF1B0F5F24433784B75B59 /* Nunito-ExtraLight.ttf in Resources */ = {isa = PBXBuildFile; fileRef = 0E323D1D8D264CEFA6F9D504 /* Nunito-ExtraLight.ttf */; };
		612982A88474409D987B20B3 /* Nunito-ExtraLightItalic.ttf in Resources */ = {isa = PBXBuildFile; fileRef = 664C59E1CD164D8D91A4D379 /* Nunito-ExtraLightItalic.ttf */; };
		B6272A71A7224E8985228A98 /* Nunito-Italic.ttf in Resources */ = {isa = PBXBuildFile; fileRef = 2BF13D1F7E3E40BA994BD81A /* Nunito-Italic.ttf */; };
		9B19D129863A4C2BB6826522 /* Nunito-Light.ttf in Resources */ = {isa = PBXBuildFile; fileRef = 6E9E4429106F4CA5BF411725 /* Nunito-Light.ttf */; };
		FE730650D8D14AF68D90E643 /* Nunito-LightItalic.ttf in Resources */ = {isa = PBXBuildFile; fileRef = 2304213D32884B868C0B2F26 /* Nunito-LightItalic.ttf */; };
		CD09D302A881402D9024D92A /* Nunito-Medium.ttf in Resources */ = {isa = PBXBuildFile; fileRef = F9A7511219A8478EB55EB228 /* Nunito-Medium.ttf */; };
		371B8D158FEA4E658922D8A7 /* Nunito-MediumItalic.ttf in Resources */ = {isa = PBXBuildFile; fileRef = 23C56FC4CC44430B82E008D1 /* Nunito-MediumItalic.ttf */; };
		1E50B9D6585247B5BFAE9115 /* Nunito-Regular.ttf in Resources */ = {isa = PBXBuildFile; fileRef = 69DBAE345C744F1297CA59D0 /* Nunito-Regular.ttf */; };
		D6A01AE0FAED4DB995EA3B8B /* Nunito-SemiBold.ttf in Resources */ = {isa = PBXBuildFile; fileRef = CDAE5F400B07447B94058584 /* Nunito-SemiBold.ttf */; };
		34EA5B828AFF404A9218EE49 /* Nunito-SemiBoldItalic.ttf in Resources */ = {isa = PBXBuildFile; fileRef = EEA29994025E45C297A89A97 /* Nunito-SemiBoldItalic.ttf */; };
		FC1BEDC298294A4F898AC354 /* Quicksand-VariableFont_wght.ttf in Resources */ = {isa = PBXBuildFile; fileRef = 59E57CBFB2DC4EF4B8A77959 /* Quicksand-VariableFont_wght.ttf */; };
		A8F7C85792C94462951E1F84 /* Quicksand-Bold.ttf in Resources */ = {isa = PBXBuildFile; fileRef = 467478EEF9E74A78B0F59D21 /* Quicksand-Bold.ttf */; };
		A7827875064845DB8BD18572 /* Quicksand-Light.ttf in Resources */ = {isa = PBXBuildFile; fileRef = B34530DA55124A72BA19E301 /* Quicksand-Light.ttf */; };
		EFD6BE72350B417EA85BFFE1 /* Quicksand-Medium.ttf in Resources */ = {isa = PBXBuildFile; fileRef = BC0F3AB28D444D2CA5869DF8 /* Quicksand-Medium.ttf */; };
		CA1E00D931864340B0751F00 /* Quicksand-Regular.ttf in Resources */ = {isa = PBXBuildFile; fileRef = DFB100DFC2DA486B8EAFCA02 /* Quicksand-Regular.ttf */; };
		4A84810344CB4986BC6C1E0B /* Quicksand-SemiBold.ttf in Resources */ = {isa = PBXBuildFile; fileRef = 0120743D30AE441A8A1711AC /* Quicksand-SemiBold.ttf */; };
		410A2643CF8849E3B85EE85D /* OFL.txt in Resources */ = {isa = PBXBuildFile; fileRef = 02FBBD960ED344008561B58F /* OFL.txt */; };
		9265C71EC2084E79BD367B81 /* README.txt in Resources */ = {isa = PBXBuildFile; fileRef = 9DDFB8F1E21F48418A1F1843 /* README.txt */; };
/* End PBXBuildFile section */

/* Begin PBXContainerItemProxy section */
		00E356F41AD99517003FC87E /* PBXContainerItemProxy */ = {
			isa = PBXContainerItemProxy;
			containerPortal = 83CBB9F71A601CBA00E9B192 /* Project object */;
			proxyType = 1;
			remoteGlobalIDString = 13B07F861A680F5B00A75B9A;
			remoteInfo = Bolajon;
		};
/* End PBXContainerItemProxy section */

/* Begin PBXFileReference section */
		00E356F11AD99517003FC87E /* Info.plist */ = {isa = PBXFileReference; lastKnownFileType = text.plist.xml; path = Info.plist; sourceTree = "<group>"; };
		13B07F961A680F5B00A75B9A /* Bolajon.app */ = {isa = PBXFileReference; explicitFileType = wrapper.application; includeInIndex = 0; path = Bolajon.app; sourceTree = BUILT_PRODUCTS_DIR; };
		13B07FB51A68108700A75B9A /* Images.xcassets */ = {isa = PBXFileReference; lastKnownFileType = folder.assetcatalog; name = Images.xcassets; path = Bolajon/Images.xcassets; sourceTree = "<group>"; };
		13B07FB61A68108700A75B9A /* Info.plist */ = {isa = PBXFileReference; fileEncoding = 4; lastKnownFileType = text.plist.xml; name = Info.plist; path = Bolajon/Info.plist; sourceTree = "<group>"; };
		13B07FB81A68108700A75B9A /* PrivacyInfo.xcprivacy */ = {isa = PBXFileReference; fileEncoding = 4; lastKnownFileType = text.plist.xml; name = PrivacyInfo.xcprivacy; path = Bolajon/PrivacyInfo.xcprivacy; sourceTree = "<group>"; };
		3B4392A12AC88292D35C810B /* Pods-Bolajon.debug.xcconfig */ = {isa = PBXFileReference; includeInIndex = 1; lastKnownFileType = text.xcconfig; name = "Pods-Bolajon.debug.xcconfig"; path = "Target Support Files/Pods-Bolajon/Pods-Bolajon.debug.xcconfig"; sourceTree = "<group>"; };
		5709B34CF0A7D63546082F79 /* Pods-Bolajon.release.xcconfig */ = {isa = PBXFileReference; includeInIndex = 1; lastKnownFileType = text.xcconfig; name = "Pods-Bolajon.release.xcconfig"; path = "Target Support Files/Pods-Bolajon/Pods-Bolajon.release.xcconfig"; sourceTree = "<group>"; };
		5DCACB8F33CDC322A6C60F78 /* libPods-Bolajon.a */ = {isa = PBXFileReference; explicitFileType = archive.ar; includeInIndex = 0; path = "libPods-Bolajon.a"; sourceTree = BUILT_PRODUCTS_DIR; };
		761780EC2CA45674006654EE /* AppDelegate.swift */ = {isa = PBXFileReference; lastKnownFileType = sourcecode.swift; name = AppDelegate.swift; path = Bolajon/AppDelegate.swift; sourceTree = "<group>"; };
		81AB9BB72411601600AC10FF /* LaunchScreen.storyboard */ = {isa = PBXFileReference; fileEncoding = 4; lastKnownFileType = file.storyboard; name = LaunchScreen.storyboard; path = Bolajon/LaunchScreen.storyboard; sourceTree = "<group>"; };
		ED297162215061F000B7C4FE /* JavaScriptCore.framework */ = {isa = PBXFileReference; lastKnownFileType = wrapper.framework; name = JavaScriptCore.framework; path = System/Library/Frameworks/JavaScriptCore.framework; sourceTree = SDKROOT; };
		79342E0699B84EF683C47E6A /* Montserrat-Italic-VariableFont_wght.ttf */ = {isa = PBXFileReference; name = "Montserrat-Italic-VariableFont_wght.ttf"; path = "../assets/fonts/Montserrat/Montserrat-Italic-VariableFont_wght.ttf"; sourceTree = "<group>"; fileEncoding = undefined; lastKnownFileType = unknown; explicitFileType = undefined; includeInIndex = 0; };
		8E1C586149344601932E221B /* Montserrat-VariableFont_wght.ttf */ = {isa = PBXFileReference; name = "Montserrat-VariableFont_wght.ttf"; path = "../assets/fonts/Montserrat/Montserrat-VariableFont_wght.ttf"; sourceTree = "<group>"; fileEncoding = undefined; lastKnownFileType = unknown; explicitFileType = undefined; includeInIndex = 0; };
		E538974C840442EB94B53EB4 /* Montserrat-Black.ttf */ = {isa = PBXFileReference; name = "Montserrat-Black.ttf"; path = "../assets/fonts/Montserrat/static/Montserrat-Black.ttf"; sourceTree = "<group>"; fileEncoding = undefined; lastKnownFileType = unknown; explicitFileType = undefined; includeInIndex = 0; };
		A0CCCF7893064F15AC0136D3 /* Montserrat-BlackItalic.ttf */ = {isa = PBXFileReference; name = "Montserrat-BlackItalic.ttf"; path = "../assets/fonts/Montserrat/static/Montserrat-BlackItalic.ttf"; sourceTree = "<group>"; fileEncoding = undefined; lastKnownFileType = unknown; explicitFileType = undefined; includeInIndex = 0; };
		054D98FE404147CAB248B9E6 /* Montserrat-Bold.ttf */ = {isa = PBXFileReference; name = "Montserrat-Bold.ttf"; path = "../assets/fonts/Montserrat/static/Montserrat-Bold.ttf"; sourceTree = "<group>"; fileEncoding = undefined; lastKnownFileType = unknown; explicitFileType = undefined; includeInIndex = 0; };
		193FD8CCA1904EB48D57B393 /* Montserrat-BoldItalic.ttf */ = {isa = PBXFileReference; name = "Montserrat-BoldItalic.ttf"; path = "../assets/fonts/Montserrat/static/Montserrat-BoldItalic.ttf"; sourceTree = "<group>"; fileEncoding = undefined; lastKnownFileType = unknown; explicitFileType = undefined; includeInIndex = 0; };
		59826E4DF34045BB92C5D64E /* Montserrat-ExtraBold.ttf */ = {isa = PBXFileReference; name = "Montserrat-ExtraBold.ttf"; path = "../assets/fonts/Montserrat/static/Montserrat-ExtraBold.ttf"; sourceTree = "<group>"; fileEncoding = undefined; lastKnownFileType = unknown; explicitFileType = undefined; includeInIndex = 0; };
		75C17B36282E41B9B700F0DE /* Montserrat-ExtraBoldItalic.ttf */ = {isa = PBXFileReference; name = "Montserrat-ExtraBoldItalic.ttf"; path = "../assets/fonts/Montserrat/static/Montserrat-ExtraBoldItalic.ttf"; sourceTree = "<group>"; fileEncoding = undefined; lastKnownFileType = unknown; explicitFileType = undefined; includeInIndex = 0; };
		70773E30AC454CA0820E95A3 /* Montserrat-ExtraLight.ttf */ = {isa = PBXFileReference; name = "Montserrat-ExtraLight.ttf"; path = "../assets/fonts/Montserrat/static/Montserrat-ExtraLight.ttf"; sourceTree = "<group>"; fileEncoding = undefined; lastKnownFileType = unknown; explicitFileType = undefined; includeInIndex = 0; };
		31E1813E3CBA4BB89BB55C7E /* Montserrat-ExtraLightItalic.ttf */ = {isa = PBXFileReference; name = "Montserrat-ExtraLightItalic.ttf"; path = "../assets/fonts/Montserrat/static/Montserrat-ExtraLightItalic.ttf"; sourceTree = "<group>"; fileEncoding = undefined; lastKnownFileType = unknown; explicitFileType = undefined; includeInIndex = 0; };
		758A28485992438B9E25667D /* Montserrat-Italic.ttf */ = {isa = PBXFileReference; name = "Montserrat-Italic.ttf"; path = "../assets/fonts/Montserrat/static/Montserrat-Italic.ttf"; sourceTree = "<group>"; fileEncoding = undefined; lastKnownFileType = unknown; explicitFileType = undefined; includeInIndex = 0; };
		0D647433850D4091816F214B /* Montserrat-Light.ttf */ = {isa = PBXFileReference; name = "Montserrat-Light.ttf"; path = "../assets/fonts/Montserrat/static/Montserrat-Light.ttf"; sourceTree = "<group>"; fileEncoding = undefined; lastKnownFileType = unknown; explicitFileType = undefined; includeInIndex = 0; };
		A2B969757C9346929AA64B20 /* Montserrat-LightItalic.ttf */ = {isa = PBXFileReference; name = "Montserrat-LightItalic.ttf"; path = "../assets/fonts/Montserrat/static/Montserrat-LightItalic.ttf"; sourceTree = "<group>"; fileEncoding = undefined; lastKnownFileType = unknown; explicitFileType = undefined; includeInIndex = 0; };
		5E3B76D52A994B2B92036E06 /* Montserrat-Medium.ttf */ = {isa = PBXFileReference; name = "Montserrat-Medium.ttf"; path = "../assets/fonts/Montserrat/static/Montserrat-Medium.ttf"; sourceTree = "<group>"; fileEncoding = undefined; lastKnownFileType = unknown; explicitFileType = undefined; includeInIndex = 0; };
		39C08DB2BB4D418AA73F8EBA /* Montserrat-MediumItalic.ttf */ = {isa = PBXFileReference; name = "Montserrat-MediumItalic.ttf"; path = "../assets/fonts/Montserrat/static/Montserrat-MediumItalic.ttf"; sourceTree = "<group>"; fileEncoding = undefined; lastKnownFileType = unknown; explicitFileType = undefined; includeInIndex = 0; };
		90C9D631C3AE4CF981DF18E8 /* Montserrat-Regular.ttf */ = {isa = PBXFileReference; name = "Montserrat-Regular.ttf"; path = "../assets/fonts/Montserrat/static/Montserrat-Regular.ttf"; sourceTree = "<group>"; fileEncoding = undefined; lastKnownFileType = unknown; explicitFileType = undefined; includeInIndex = 0; };
		E3A8C20FA1544811892BFBC8 /* Montserrat-SemiBold.ttf */ = {isa = PBXFileReference; name = "Montserrat-SemiBold.ttf"; path = "../assets/fonts/Montserrat/static/Montserrat-SemiBold.ttf"; sourceTree = "<group>"; fileEncoding = undefined; lastKnownFileType = unknown; explicitFileType = undefined; includeInIndex = 0; };
		09108F8E1C494005BAD9CB1B /* Montserrat-SemiBoldItalic.ttf */ = {isa = PBXFileReference; name = "Montserrat-SemiBoldItalic.ttf"; path = "../assets/fonts/Montserrat/static/Montserrat-SemiBoldItalic.ttf"; sourceTree = "<group>"; fileEncoding = undefined; lastKnownFileType = unknown; explicitFileType = undefined; includeInIndex = 0; };
		33B9B9DF9B704F229F1700D9 /* Montserrat-Thin.ttf */ = {isa = PBXFileReference; name = "Montserrat-Thin.ttf"; path = "../assets/fonts/Montserrat/static/Montserrat-Thin.ttf"; sourceTree = "<group>"; fileEncoding = undefined; lastKnownFileType = unknown; explicitFileType = undefined; includeInIndex = 0; };
		B33B3BD7FCF04573A586A69C /* Montserrat-ThinItalic.ttf */ = {isa = PBXFileReference; name = "Montserrat-ThinItalic.ttf"; path = "../assets/fonts/Montserrat/static/Montserrat-ThinItalic.ttf"; sourceTree = "<group>"; fileEncoding = undefined; lastKnownFileType = unknown; explicitFileType = undefined; includeInIndex = 0; };
		E00E9749E64E41799E301D36 /* Nunito-Italic-VariableFont_wght.ttf */ = {isa = PBXFileReference; name = "Nunito-Italic-VariableFont_wght.ttf"; path = "../assets/fonts/Nunito/Nunito-Italic-VariableFont_wght.ttf"; sourceTree = "<group>"; fileEncoding = undefined; lastKnownFileType = unknown; explicitFileType = undefined; includeInIndex = 0; };
		C4FD23D010394EAAA8156104 /* Nunito-VariableFont_wght.ttf */ = {isa = PBXFileReference; name = "Nunito-VariableFont_wght.ttf"; path = "../assets/fonts/Nunito/Nunito-VariableFont_wght.ttf"; sourceTree = "<group>"; fileEncoding = undefined; lastKnownFileType = unknown; explicitFileType = undefined; includeInIndex = 0; };
		2C246965EF4443759B26D773 /* Nunito-Black.ttf */ = {isa = PBXFileReference; name = "Nunito-Black.ttf"; path = "../assets/fonts/Nunito/static/Nunito-Black.ttf"; sourceTree = "<group>"; fileEncoding = undefined; lastKnownFileType = unknown; explicitFileType = undefined; includeInIndex = 0; };
		5A03695E20E04792933A0BF2 /* Nunito-BlackItalic.ttf */ = {isa = PBXFileReference; name = "Nunito-BlackItalic.ttf"; path = "../assets/fonts/Nunito/static/Nunito-BlackItalic.ttf"; sourceTree = "<group>"; fileEncoding = undefined; lastKnownFileType = unknown; explicitFileType = undefined; includeInIndex = 0; };
		F521473C92884E54B4A1E9B5 /* Nunito-Bold.ttf */ = {isa = PBXFileReference; name = "Nunito-Bold.ttf"; path = "../assets/fonts/Nunito/static/Nunito-Bold.ttf"; sourceTree = "<group>"; fileEncoding = undefined; lastKnownFileType = unknown; explicitFileType = undefined; includeInIndex = 0; };
		245854DA2E4841B78EF12ABA /* Nunito-BoldItalic.ttf */ = {isa = PBXFileReference; name = "Nunito-BoldItalic.ttf"; path = "../assets/fonts/Nunito/static/Nunito-BoldItalic.ttf"; sourceTree = "<group>"; fileEncoding = undefined; lastKnownFileType = unknown; explicitFileType = undefined; includeInIndex = 0; };
		5290AF8B58FC40A1A985C579 /* Nunito-ExtraBold.ttf */ = {isa = PBXFileReference; name = "Nunito-ExtraBold.ttf"; path = "../assets/fonts/Nunito/static/Nunito-ExtraBold.ttf"; sourceTree = "<group>"; fileEncoding = undefined; lastKnownFileType = unknown; explicitFileType = undefined; includeInIndex = 0; };
		BCC5A8DC3F9B458F9B0E6CCD /* Nunito-ExtraBoldItalic.ttf */ = {isa = PBXFileReference; name = "Nunito-ExtraBoldItalic.ttf"; path = "../assets/fonts/Nunito/static/Nunito-ExtraBoldItalic.ttf"; sourceTree = "<group>"; fileEncoding = undefined; lastKnownFileType = unknown; explicitFileType = undefined; includeInIndex = 0; };
		0E323D1D8D264CEFA6F9D504 /* Nunito-ExtraLight.ttf */ = {isa = PBXFileReference; name = "Nunito-ExtraLight.ttf"; path = "../assets/fonts/Nunito/static/Nunito-ExtraLight.ttf"; sourceTree = "<group>"; fileEncoding = undefined; lastKnownFileType = unknown; explicitFileType = undefined; includeInIndex = 0; };
		664C59E1CD164D8D91A4D379 /* Nunito-ExtraLightItalic.ttf */ = {isa = PBXFileReference; name = "Nunito-ExtraLightItalic.ttf"; path = "../assets/fonts/Nunito/static/Nunito-ExtraLightItalic.ttf"; sourceTree = "<group>"; fileEncoding = undefined; lastKnownFileType = unknown; explicitFileType = undefined; includeInIndex = 0; };
		2BF13D1F7E3E40BA994BD81A /* Nunito-Italic.ttf */ = {isa = PBXFileReference; name = "Nunito-Italic.ttf"; path = "../assets/fonts/Nunito/static/Nunito-Italic.ttf"; sourceTree = "<group>"; fileEncoding = undefined; lastKnownFileType = unknown; explicitFileType = undefined; includeInIndex = 0; };
		6E9E4429106F4CA5BF411725 /* Nunito-Light.ttf */ = {isa = PBXFileReference; name = "Nunito-Light.ttf"; path = "../assets/fonts/Nunito/static/Nunito-Light.ttf"; sourceTree = "<group>"; fileEncoding = undefined; lastKnownFileType = unknown; explicitFileType = undefined; includeInIndex = 0; };
		2304213D32884B868C0B2F26 /* Nunito-LightItalic.ttf */ = {isa = PBXFileReference; name = "Nunito-LightItalic.ttf"; path = "../assets/fonts/Nunito/static/Nunito-LightItalic.ttf"; sourceTree = "<group>"; fileEncoding = undefined; lastKnownFileType = unknown; explicitFileType = undefined; includeInIndex = 0; };
		F9A7511219A8478EB55EB228 /* Nunito-Medium.ttf */ = {isa = PBXFileReference; name = "Nunito-Medium.ttf"; path = "../assets/fonts/Nunito/static/Nunito-Medium.ttf"; sourceTree = "<group>"; fileEncoding = undefined; lastKnownFileType = unknown; explicitFileType = undefined; includeInIndex = 0; };
		23C56FC4CC44430B82E008D1 /* Nunito-MediumItalic.ttf */ = {isa = PBXFileReference; name = "Nunito-MediumItalic.ttf"; path = "../assets/fonts/Nunito/static/Nunito-MediumItalic.ttf"; sourceTree = "<group>"; fileEncoding = undefined; lastKnownFileType = unknown; explicitFileType = undefined; includeInIndex = 0; };
		69DBAE345C744F1297CA59D0 /* Nunito-Regular.ttf */ = {isa = PBXFileReference; name = "Nunito-Regular.ttf"; path = "../assets/fonts/Nunito/static/Nunito-Regular.ttf"; sourceTree = "<group>"; fileEncoding = undefined; lastKnownFileType = unknown; explicitFileType = undefined; includeInIndex = 0; };
		CDAE5F400B07447B94058584 /* Nunito-SemiBold.ttf */ = {isa = PBXFileReference; name = "Nunito-SemiBold.ttf"; path = "../assets/fonts/Nunito/static/Nunito-SemiBold.ttf"; sourceTree = "<group>"; fileEncoding = undefined; lastKnownFileType = unknown; explicitFileType = undefined; includeInIndex = 0; };
		EEA29994025E45C297A89A97 /* Nunito-SemiBoldItalic.ttf */ = {isa = PBXFileReference; name = "Nunito-SemiBoldItalic.ttf"; path = "../assets/fonts/Nunito/static/Nunito-SemiBoldItalic.ttf"; sourceTree = "<group>"; fileEncoding = undefined; lastKnownFileType = unknown; explicitFileType = undefined; includeInIndex = 0; };
		59E57CBFB2DC4EF4B8A77959 /* Quicksand-VariableFont_wght.ttf */ = {isa = PBXFileReference; name = "Quicksand-VariableFont_wght.ttf"; path = "../assets/fonts/Quicksand/Quicksand-VariableFont_wght.ttf"; sourceTree = "<group>"; fileEncoding = undefined; lastKnownFileType = unknown; explicitFileType = undefined; includeInIndex = 0; };
		467478EEF9E74A78B0F59D21 /* Quicksand-Bold.ttf */ = {isa = PBXFileReference; name = "Quicksand-Bold.ttf"; path = "../assets/fonts/Quicksand/static/Quicksand-Bold.ttf"; sourceTree = "<group>"; fileEncoding = undefined; lastKnownFileType = unknown; explicitFileType = undefined; includeInIndex = 0; };
		B34530DA55124A72BA19E301 /* Quicksand-Light.ttf */ = {isa = PBXFileReference; name = "Quicksand-Light.ttf"; path = "../assets/fonts/Quicksand/static/Quicksand-Light.ttf"; sourceTree = "<group>"; fileEncoding = undefined; lastKnownFileType = unknown; explicitFileType = undefined; includeInIndex = 0; };
		BC0F3AB28D444D2CA5869DF8 /* Quicksand-Medium.ttf */ = {isa = PBXFileReference; name = "Quicksand-Medium.ttf"; path = "../assets/fonts/Quicksand/static/Quicksand-Medium.ttf"; sourceTree = "<group>"; fileEncoding = undefined; lastKnownFileType = unknown; explicitFileType = undefined; includeInIndex = 0; };
		DFB100DFC2DA486B8EAFCA02 /* Quicksand-Regular.ttf */ = {isa = PBXFileReference; name = "Quicksand-Regular.ttf"; path = "../assets/fonts/Quicksand/static/Quicksand-Regular.ttf"; sourceTree = "<group>"; fileEncoding = undefined; lastKnownFileType = unknown; explicitFileType = undefined; includeInIndex = 0; };
		0120743D30AE441A8A1711AC /* Quicksand-SemiBold.ttf */ = {isa = PBXFileReference; name = "Quicksand-SemiBold.ttf"; path = "../assets/fonts/Quicksand/static/Quicksand-SemiBold.ttf"; sourceTree = "<group>"; fileEncoding = undefined; lastKnownFileType = unknown; explicitFileType = undefined; includeInIndex = 0; };
		02FBBD960ED344008561B58F /* OFL.txt */ = {isa = PBXFileReference; name = "OFL.txt"; path = "../assets/fonts/Montserrat/OFL.txt"; sourceTree = "<group>"; fileEncoding = undefined; lastKnownFileType = unknown; explicitFileType = undefined; includeInIndex = 0; };
		9DDFB8F1E21F48418A1F1843 /* README.txt */ = {isa = PBXFileReference; name = "README.txt"; path = "../assets/fonts/Montserrat/README.txt"; sourceTree = "<group>"; fileEncoding = undefined; lastKnownFileType = unknown; explicitFileType = undefined; includeInIndex = 0; };
/* End PBXFileReference section */

/* Begin PBXFrameworksBuildPhase section */
		13B07F8C1A680F5B00A75B9A /* Frameworks */ = {
			isa = PBXFrameworksBuildPhase;
			buildActionMask = 2147483647;
			files = (
				0C80B921A6F3F58F76C31292 /* libPods-Bolajon.a in Frameworks */,
			);
			runOnlyForDeploymentPostprocessing = 0;
		};
/* End PBXFrameworksBuildPhase section */

/* Begin PBXGroup section */
		00E356F01AD99517003FC87E /* Supporting Files */ = {
			isa = PBXGroup;
			children = (
				00E356F11AD99517003FC87E /* Info.plist */,
			);
			name = "Supporting Files";
			sourceTree = "<group>";
		};
		13B07FAE1A68108700A75B9A /* Bolajon */ = {
			isa = PBXGroup;
			children = (
				13B07FB51A68108700A75B9A /* Images.xcassets */,
				761780EC2CA45674006654EE /* AppDelegate.swift */,
				13B07FB61A68108700A75B9A /* Info.plist */,
				81AB9BB72411601600AC10FF /* LaunchScreen.storyboard */,
				13B07FB81A68108700A75B9A /* PrivacyInfo.xcprivacy */,
			);
			name = Bolajon;
			sourceTree = "<group>";
		};
		2D16E6871FA4F8E400B85C8A /* Frameworks */ = {
			isa = PBXGroup;
			children = (
				ED297162215061F000B7C4FE /* JavaScriptCore.framework */,
				5DCACB8F33CDC322A6C60F78 /* libPods-Bolajon.a */,
			);
			name = Frameworks;
			sourceTree = "<group>";
		};
		832341AE1AAA6A7D00B99B32 /* Libraries */ = {
			isa = PBXGroup;
			children = (
			);
			name = Libraries;
			sourceTree = "<group>";
		};
		83CBB9F61A601CBA00E9B192 = {
			isa = PBXGroup;
			children = (
				13B07FAE1A68108700A75B9A /* Bolajon */,
				832341AE1AAA6A7D00B99B32 /* Libraries */,
				83CBBA001A601CBA00E9B192 /* Products */,
				2D16E6871FA4F8E400B85C8A /* Frameworks */,
				BBD78D7AC51CEA395F1C20DB /* Pods */,
				62D89373935B4478BEAD6EB2 /* Resources */,
			);
			indentWidth = 2;
			sourceTree = "<group>";
			tabWidth = 2;
			usesTabs = 0;
		};
		83CBBA001A601CBA00E9B192 /* Products */ = {
			isa = PBXGroup;
			children = (
				13B07F961A680F5B00A75B9A /* Bolajon.app */,
			);
			name = Products;
			sourceTree = "<group>";
		};
		BBD78D7AC51CEA395F1C20DB /* Pods */ = {
			isa = PBXGroup;
			children = (
				3B4392A12AC88292D35C810B /* Pods-Bolajon.debug.xcconfig */,
				5709B34CF0A7D63546082F79 /* Pods-Bolajon.release.xcconfig */,
			);
			path = Pods;
			sourceTree = "<group>";
		};
		62D89373935B4478BEAD6EB2 /* Resources */ = {
			isa = "PBXGroup";
			children = (
				79342E0699B84EF683C47E6A /* Montserrat-Italic-VariableFont_wght.ttf */,
				8E1C586149344601932E221B /* Montserrat-VariableFont_wght.ttf */,
				E538974C840442EB94B53EB4 /* Montserrat-Black.ttf */,
				A0CCCF7893064F15AC0136D3 /* Montserrat-BlackItalic.ttf */,
				054D98FE404147CAB248B9E6 /* Montserrat-Bold.ttf */,
				193FD8CCA1904EB48D57B393 /* Montserrat-BoldItalic.ttf */,
				59826E4DF34045BB92C5D64E /* Montserrat-ExtraBold.ttf */,
				75C17B36282E41B9B700F0DE /* Montserrat-ExtraBoldItalic.ttf */,
				70773E30AC454CA0820E95A3 /* Montserrat-ExtraLight.ttf */,
				31E1813E3CBA4BB89BB55C7E /* Montserrat-ExtraLightItalic.ttf */,
				758A28485992438B9E25667D /* Montserrat-Italic.ttf */,
				0D647433850D4091816F214B /* Montserrat-Light.ttf */,
				A2B969757C9346929AA64B20 /* Montserrat-LightItalic.ttf */,
				5E3B76D52A994B2B92036E06 /* Montserrat-Medium.ttf */,
				39C08DB2BB4D418AA73F8EBA /* Montserrat-MediumItalic.ttf */,
				90C9D631C3AE4CF981DF18E8 /* Montserrat-Regular.ttf */,
				E3A8C20FA1544811892BFBC8 /* Montserrat-SemiBold.ttf */,
				09108F8E1C494005BAD9CB1B /* Montserrat-SemiBoldItalic.ttf */,
				33B9B9DF9B704F229F1700D9 /* Montserrat-Thin.ttf */,
				B33B3BD7FCF04573A586A69C /* Montserrat-ThinItalic.ttf */,
				E00E9749E64E41799E301D36 /* Nunito-Italic-VariableFont_wght.ttf */,
				C4FD23D010394EAAA8156104 /* Nunito-VariableFont_wght.ttf */,
				2C246965EF4443759B26D773 /* Nunito-Black.ttf */,
				5A03695E20E04792933A0BF2 /* Nunito-BlackItalic.ttf */,
				F521473C92884E54B4A1E9B5 /* Nunito-Bold.ttf */,
				245854DA2E4841B78EF12ABA /* Nunito-BoldItalic.ttf */,
				5290AF8B58FC40A1A985C579 /* Nunito-ExtraBold.ttf */,
				BCC5A8DC3F9B458F9B0E6CCD /* Nunito-ExtraBoldItalic.ttf */,
				0E323D1D8D264CEFA6F9D504 /* Nunito-ExtraLight.ttf */,
				664C59E1CD164D8D91A4D379 /* Nunito-ExtraLightItalic.ttf */,
				2BF13D1F7E3E40BA994BD81A /* Nunito-Italic.ttf */,
				6E9E4429106F4CA5BF411725 /* Nunito-Light.ttf */,
				2304213D32884B868C0B2F26 /* Nunito-LightItalic.ttf */,
				F9A7511219A8478EB55EB228 /* Nunito-Medium.ttf */,
				23C56FC4CC44430B82E008D1 /* Nunito-MediumItalic.ttf */,
				69DBAE345C744F1297CA59D0 /* Nunito-Regular.ttf */,
				CDAE5F400B07447B94058584 /* Nunito-SemiBold.ttf */,
				EEA29994025E45C297A89A97 /* Nunito-SemiBoldItalic.ttf */,
				59E57CBFB2DC4EF4B8A77959 /* Quicksand-VariableFont_wght.ttf */,
				467478EEF9E74A78B0F59D21 /* Quicksand-Bold.ttf */,
				B34530DA55124A72BA19E301 /* Quicksand-Light.ttf */,
				BC0F3AB28D444D2CA5869DF8 /* Quicksand-Medium.ttf */,
				DFB100DFC2DA486B8EAFCA02 /* Quicksand-Regular.ttf */,
				0120743D30AE441A8A1711AC /* Quicksand-SemiBold.ttf */,
				02FBBD960ED344008561B58F /* OFL.txt */,
				9DDFB8F1E21F48418A1F1843 /* README.txt */,
			);
			name = Resources;
			sourceTree = "<group>";
			path = "";
		};
/* End PBXGroup section */

/* Begin PBXNativeTarget section */
		13B07F861A680F5B00A75B9A /* Bolajon */ = {
			isa = PBXNativeTarget;
			buildConfigurationList = 13B07F931A680F5B00A75B9A /* Build configuration list for PBXNativeTarget "Bolajon" */;
			buildPhases = (
				C38B50BA6285516D6DCD4F65 /* [CP] Check Pods Manifest.lock */,
				13B07F871A680F5B00A75B9A /* Sources */,
				13B07F8C1A680F5B00A75B9A /* Frameworks */,
				13B07F8E1A680F5B00A75B9A /* Resources */,
				00DD1BFF1BD5951E006B06BC /* Bundle React Native code and images */,
				00EEFC60759A1932668264C0 /* [CP] Embed Pods Frameworks */,
				E235C05ADACE081382539298 /* [CP] Copy Pods Resources */,
			);
			buildRules = (
			);
			dependencies = (
			);
			name = Bolajon;
			productName = Bolajon;
			productReference = 13B07F961A680F5B00A75B9A /* Bolajon.app */;
			productType = "com.apple.product-type.application";
		};
/* End PBXNativeTarget section */

/* Begin PBXProject section */
		83CBB9F71A601CBA00E9B192 /* Project object */ = {
			isa = PBXProject;
			attributes = {
				LastUpgradeCheck = 1210;
				TargetAttributes = {
					13B07F861A680F5B00A75B9A = {
						LastSwiftMigration = 1120;
					};
				};
			};
			buildConfigurationList = 83CBB9FA1A601CBA00E9B192 /* Build configuration list for PBXProject "Bolajon" */;
			compatibilityVersion = "Xcode 12.0";
			developmentRegion = en;
			hasScannedForEncodings = 0;
			knownRegions = (
				en,
				Base,
			);
			mainGroup = 83CBB9F61A601CBA00E9B192;
			productRefGroup = 83CBBA001A601CBA00E9B192 /* Products */;
			projectDirPath = "";
			projectRoot = "";
			targets = (
				13B07F861A680F5B00A75B9A /* Bolajon */,
			);
		};
/* End PBXProject section */

/* Begin PBXResourcesBuildPhase section */
		00E356EC1AD99517003FC87E /* Resources */ = {
			isa = PBXResourcesBuildPhase;
			buildActionMask = 2147483647;
			files = (
			);
			runOnlyForDeploymentPostprocessing = 0;
		};
		13B07F8E1A680F5B00A75B9A /* Resources */ = {
			isa = PBXResourcesBuildPhase;
			buildActionMask = 2147483647;
			files = (
				81AB9BB82411601600AC10FF /* LaunchScreen.storyboard in Resources */,
				13B07FBF1A68108700A75B9A /* Images.xcassets in Resources */,
				D719F232632B45ED89199C9F /* Montserrat-Italic-VariableFont_wght.ttf in Resources */,
				BCFF7C057A624208A2B6745C /* Montserrat-VariableFont_wght.ttf in Resources */,
				890738D6A6504F2D9D66DE7F /* Montserrat-Black.ttf in Resources */,
				9077B94235CB41A989426EA5 /* Montserrat-BlackItalic.ttf in Resources */,
				DB8386A8114B495899CDD85F /* Montserrat-Bold.ttf in Resources */,
				8E7E3BEAE6EA42979B8A52BE /* Montserrat-BoldItalic.ttf in Resources */,
				854C92D4C20A4B2E8FACF884 /* Montserrat-ExtraBold.ttf in Resources */,
				0E54AADB169F4434B94461D2 /* Montserrat-ExtraBoldItalic.ttf in Resources */,
				E0B9B01EB3B6424D869209ED /* Montserrat-ExtraLight.ttf in Resources */,
				9E9400EB1EA9476CB1A7DA19 /* Montserrat-ExtraLightItalic.ttf in Resources */,
				70A04EFD51FA41BCACCD5AF5 /* Montserrat-Italic.ttf in Resources */,
				F25933302E8345729191D0E4 /* Montserrat-Light.ttf in Resources */,
				C691D4C4F4B54C50B7490B02 /* Montserrat-LightItalic.ttf in Resources */,
				0C74D213202840E9966F9688 /* Montserrat-Medium.ttf in Resources */,
				3E4909DA1C144AC3A7E91939 /* Montserrat-MediumItalic.ttf in Resources */,
				3C401FDF727D4BC29238BD17 /* Montserrat-Regular.ttf in Resources */,
				7DCD7ED69A4842A6AA226146 /* Montserrat-SemiBold.ttf in Resources */,
				841967DF0EC54BA38D62EB24 /* Montserrat-SemiBoldItalic.ttf in Resources */,
				AA670420953A4A78B65AF003 /* Montserrat-Thin.ttf in Resources */,
				E88DC25B18FD463CADDDCA63 /* Montserrat-ThinItalic.ttf in Resources */,
				88E209220D4647DE943C2845 /* Nunito-Italic-VariableFont_wght.ttf in Resources */,
				50E27C28D07A468A91E5BD2F /* Nunito-VariableFont_wght.ttf in Resources */,
				2F1F83DE8B8A4D24952ED47A /* Nunito-Black.ttf in Resources */,
				D934001501F1481185EC27AE /* Nunito-BlackItalic.ttf in Resources */,
				C8AD5796261C4462ADFE9AB2 /* Nunito-Bold.ttf in Resources */,
				78133BFC5D2C404685CA587C /* Nunito-BoldItalic.ttf in Resources */,
				43EABF2F10A6462E80D85753 /* Nunito-ExtraBold.ttf in Resources */,
				0DF34D90BA004E359071B1F3 /* Nunito-ExtraBoldItalic.ttf in Resources */,
				8DCF1B0F5F24433784B75B59 /* Nunito-ExtraLight.ttf in Resources */,
				612982A88474409D987B20B3 /* Nunito-ExtraLightItalic.ttf in Resources */,
				B6272A71A7224E8985228A98 /* Nunito-Italic.ttf in Resources */,
				9B19D129863A4C2BB6826522 /* Nunito-Light.ttf in Resources */,
				FE730650D8D14AF68D90E643 /* Nunito-LightItalic.ttf in Resources */,
				CD09D302A881402D9024D92A /* Nunito-Medium.ttf in Resources */,
				371B8D158FEA4E658922D8A7 /* Nunito-MediumItalic.ttf in Resources */,
				1E50B9D6585247B5BFAE9115 /* Nunito-Regular.ttf in Resources */,
				D6A01AE0FAED4DB995EA3B8B /* Nunito-SemiBold.ttf in Resources */,
				34EA5B828AFF404A9218EE49 /* Nunito-SemiBoldItalic.ttf in Resources */,
				FC1BEDC298294A4F898AC354 /* Quicksand-VariableFont_wght.ttf in Resources */,
				A8F7C85792C94462951E1F84 /* Quicksand-Bold.ttf in Resources */,
				A7827875064845DB8BD18572 /* Quicksand-Light.ttf in Resources */,
				EFD6BE72350B417EA85BFFE1 /* Quicksand-Medium.ttf in Resources */,
				CA1E00D931864340B0751F00 /* Quicksand-Regular.ttf in Resources */,
				4A84810344CB4986BC6C1E0B /* Quicksand-SemiBold.ttf in Resources */,
				410A2643CF8849E3B85EE85D /* OFL.txt in Resources */,
				9265C71EC2084E79BD367B81 /* README.txt in Resources */,
			);
			runOnlyForDeploymentPostprocessing = 0;
		};
/* End PBXResourcesBuildPhase section */

/* Begin PBXShellScriptBuildPhase section */
		00DD1BFF1BD5951E006B06BC /* Bundle React Native code and images */ = {
			isa = PBXShellScriptBuildPhase;
			buildActionMask = 2147483647;
			files = (
			);
			inputPaths = (
				"$(SRCROOT)/.xcode.env.local",
				"$(SRCROOT)/.xcode.env",
			);
			name = "Bundle React Native code and images";
			outputPaths = (
			);
			runOnlyForDeploymentPostprocessing = 0;
			shellPath = /bin/sh;
			shellScript = "set -e\n\nWITH_ENVIRONMENT=\"$REACT_NATIVE_PATH/scripts/xcode/with-environment.sh\"\nREACT_NATIVE_XCODE=\"$REACT_NATIVE_PATH/scripts/react-native-xcode.sh\"\n\n/bin/sh -c \"$WITH_ENVIRONMENT $REACT_NATIVE_XCODE\"\n";
		};
		00EEFC60759A1932668264C0 /* [CP] Embed Pods Frameworks */ = {
			isa = PBXShellScriptBuildPhase;
			buildActionMask = 2147483647;
			files = (
			);
			inputFileListPaths = (
				"${PODS_ROOT}/Target Support Files/Pods-Bolajon/Pods-Bolajon-frameworks-${CONFIGURATION}-input-files.xcfilelist",
			);
			name = "[CP] Embed Pods Frameworks";
			outputFileListPaths = (
				"${PODS_ROOT}/Target Support Files/Pods-Bolajon/Pods-Bolajon-frameworks-${CONFIGURATION}-output-files.xcfilelist",
			);
			runOnlyForDeploymentPostprocessing = 0;
			shellPath = /bin/sh;
			shellScript = "\"${PODS_ROOT}/Target Support Files/Pods-Bolajon/Pods-Bolajon-frameworks.sh\"\n";
			showEnvVarsInLog = 0;
		};
		C38B50BA6285516D6DCD4F65 /* [CP] Check Pods Manifest.lock */ = {
			isa = PBXShellScriptBuildPhase;
			buildActionMask = 2147483647;
			files = (
			);
			inputFileListPaths = (
			);
			inputPaths = (
				"${PODS_PODFILE_DIR_PATH}/Podfile.lock",
				"${PODS_ROOT}/Manifest.lock",
			);
			name = "[CP] Check Pods Manifest.lock";
			outputFileListPaths = (
			);
			outputPaths = (
				"$(DERIVED_FILE_DIR)/Pods-Bolajon-checkManifestLockResult.txt",
			);
			runOnlyForDeploymentPostprocessing = 0;
			shellPath = /bin/sh;
			shellScript = "diff \"${PODS_PODFILE_DIR_PATH}/Podfile.lock\" \"${PODS_ROOT}/Manifest.lock\" > /dev/null\nif [ $? != 0 ] ; then\n    # print error to STDERR\n    echo \"error: The sandbox is not in sync with the Podfile.lock. Run 'pod install' or update your CocoaPods installation.\" >&2\n    exit 1\nfi\n# This output is used by Xcode 'outputs' to avoid re-running this script phase.\necho \"SUCCESS\" > \"${SCRIPT_OUTPUT_FILE_0}\"\n";
			showEnvVarsInLog = 0;
		};
		E235C05ADACE081382539298 /* [CP] Copy Pods Resources */ = {
			isa = PBXShellScriptBuildPhase;
			buildActionMask = 2147483647;
			files = (
			);
			inputFileListPaths = (
				"${PODS_ROOT}/Target Support Files/Pods-Bolajon/Pods-Bolajon-resources-${CONFIGURATION}-input-files.xcfilelist",
			);
			name = "[CP] Copy Pods Resources";
			outputFileListPaths = (
				"${PODS_ROOT}/Target Support Files/Pods-Bolajon/Pods-Bolajon-resources-${CONFIGURATION}-output-files.xcfilelist",
			);
			runOnlyForDeploymentPostprocessing = 0;
			shellPath = /bin/sh;
			shellScript = "\"${PODS_ROOT}/Target Support Files/Pods-Bolajon/Pods-Bolajon-resources.sh\"\n";
			showEnvVarsInLog = 0;
		};
/* End PBXShellScriptBuildPhase section */

/* Begin PBXSourcesBuildPhase section */
		13B07F871A680F5B00A75B9A /* Sources */ = {
			isa = PBXSourcesBuildPhase;
			buildActionMask = 2147483647;
			files = (
				761780ED2CA45674006654EE /* AppDelegate.swift in Sources */,
			);
			runOnlyForDeploymentPostprocessing = 0;
		};
/* End PBXSourcesBuildPhase section */

/* Begin PBXTargetDependency section */
		00E356F51AD99517003FC87E /* PBXTargetDependency */ = {
			isa = PBXTargetDependency;
			target = 13B07F861A680F5B00A75B9A /* Bolajon */;
			targetProxy = 00E356F41AD99517003FC87E /* PBXContainerItemProxy */;
		};
/* End PBXTargetDependency section */

/* Begin XCBuildConfiguration section */
		13B07F941A680F5B00A75B9A /* Debug */ = {
			isa = XCBuildConfiguration;
			baseConfigurationReference = 3B4392A12AC88292D35C810B /* Pods-Bolajon.debug.xcconfig */;
			buildSettings = {
				ASSETCATALOG_COMPILER_APPICON_NAME = AppIcon;
				CLANG_ENABLE_MODULES = YES;
				CURRENT_PROJECT_VERSION = 1;
				ENABLE_BITCODE = NO;
				INFOPLIST_FILE = Bolajon/Info.plist;
				IPHONEOS_DEPLOYMENT_TARGET = 15.1;
				LD_RUNPATH_SEARCH_PATHS = (
					"$(inherited)",
					"@executable_path/Frameworks",
				);
				MARKETING_VERSION = 1.0;
				OTHER_LDFLAGS = (
					"$(inherited)",
					"-ObjC",
					"-lc++",
				);
				PRODUCT_BUNDLE_IDENTIFIER = "org.reactjs.native.example.$(PRODUCT_NAME:rfc1034identifier)";
				PRODUCT_NAME = Bolajon;
				SWIFT_OPTIMIZATION_LEVEL = "-Onone";
				SWIFT_VERSION = 5.0;
				VERSIONING_SYSTEM = "apple-generic";
			};
			name = Debug;
		};
		13B07F951A680F5B00A75B9A /* Release */ = {
			isa = XCBuildConfiguration;
			baseConfigurationReference = 5709B34CF0A7D63546082F79 /* Pods-Bolajon.release.xcconfig */;
			buildSettings = {
				ASSETCATALOG_COMPILER_APPICON_NAME = AppIcon;
				CLANG_ENABLE_MODULES = YES;
				CURRENT_PROJECT_VERSION = 1;
				INFOPLIST_FILE = Bolajon/Info.plist;
				IPHONEOS_DEPLOYMENT_TARGET = 15.1;
				LD_RUNPATH_SEARCH_PATHS = (
					"$(inherited)",
					"@executable_path/Frameworks",
				);
				MARKETING_VERSION = 1.0;
				OTHER_LDFLAGS = (
					"$(inherited)",
					"-ObjC",
					"-lc++",
				);
				PRODUCT_BUNDLE_IDENTIFIER = "org.reactjs.native.example.$(PRODUCT_NAME:rfc1034identifier)";
				PRODUCT_NAME = Bolajon;
				SWIFT_VERSION = 5.0;
				VERSIONING_SYSTEM = "apple-generic";
			};
			name = Release;
		};
		83CBBA201A601CBA00E9B192 /* Debug */ = {
			isa = XCBuildConfiguration;
			buildSettings = {
				ALWAYS_SEARCH_USER_PATHS = NO;
				CLANG_ANALYZER_LOCALIZABILITY_NONLOCALIZED = YES;
				CLANG_CXX_LANGUAGE_STANDARD = "c++20";
				CLANG_CXX_LIBRARY = "libc++";
				CLANG_ENABLE_MODULES = YES;
				CLANG_ENABLE_OBJC_ARC = YES;
				CLANG_WARN_BLOCK_CAPTURE_AUTORELEASING = YES;
				CLANG_WARN_BOOL_CONVERSION = YES;
				CLANG_WARN_COMMA = YES;
				CLANG_WARN_CONSTANT_CONVERSION = YES;
				CLANG_WARN_DEPRECATED_OBJC_IMPLEMENTATIONS = YES;
				CLANG_WARN_DIRECT_OBJC_ISA_USAGE = YES_ERROR;
				CLANG_WARN_EMPTY_BODY = YES;
				CLANG_WARN_ENUM_CONVERSION = YES;
				CLANG_WARN_INFINITE_RECURSION = YES;
				CLANG_WARN_INT_CONVERSION = YES;
				CLANG_WARN_NON_LITERAL_NULL_CONVERSION = YES;
				CLANG_WARN_OBJC_IMPLICIT_RETAIN_SELF = YES;
				CLANG_WARN_OBJC_LITERAL_CONVERSION = YES;
				CLANG_WARN_OBJC_ROOT_CLASS = YES_ERROR;
				CLANG_WARN_QUOTED_INCLUDE_IN_FRAMEWORK_HEADER = YES;
				CLANG_WARN_RANGE_LOOP_ANALYSIS = YES;
				CLANG_WARN_STRICT_PROTOTYPES = YES;
				CLANG_WARN_SUSPICIOUS_MOVE = YES;
				CLANG_WARN_UNREACHABLE_CODE = YES;
				CLANG_WARN__DUPLICATE_METHOD_MATCH = YES;
				"CODE_SIGN_IDENTITY[sdk=iphoneos*]" = "iPhone Developer";
				COPY_PHASE_STRIP = NO;
				ENABLE_STRICT_OBJC_MSGSEND = YES;
				ENABLE_TESTABILITY = YES;
				"EXCLUDED_ARCHS[sdk=iphonesimulator*]" = "";
				GCC_C_LANGUAGE_STANDARD = gnu99;
				GCC_DYNAMIC_NO_PIC = NO;
				GCC_NO_COMMON_BLOCKS = YES;
				GCC_OPTIMIZATION_LEVEL = 0;
				GCC_PREPROCESSOR_DEFINITIONS = (
					"DEBUG=1",
					"$(inherited)",
				);
				GCC_SYMBOLS_PRIVATE_EXTERN = NO;
				GCC_WARN_64_TO_32_BIT_CONVERSION = YES;
				GCC_WARN_ABOUT_RETURN_TYPE = YES_ERROR;
				GCC_WARN_UNDECLARED_SELECTOR = YES;
				GCC_WARN_UNINITIALIZED_AUTOS = YES_AGGRESSIVE;
				GCC_WARN_UNUSED_FUNCTION = YES;
				GCC_WARN_UNUSED_VARIABLE = YES;
				IPHONEOS_DEPLOYMENT_TARGET = 15.1;
				LD_RUNPATH_SEARCH_PATHS = (
					/usr/lib/swift,
					"$(inherited)",
				);
				LIBRARY_SEARCH_PATHS = (
					"\"$(SDKROOT)/usr/lib/swift\"",
					"\"$(TOOLCHAIN_DIR)/usr/lib/swift/$(PLATFORM_NAME)\"",
					"\"$(inherited)\"",
				);
				MTL_ENABLE_DEBUG_INFO = YES;
				ONLY_ACTIVE_ARCH = YES;
				OTHER_CPLUSPLUSFLAGS = (
					"$(OTHER_CFLAGS)",
					"-DFOLLY_NO_CONFIG",
					"-DFOLLY_MOBILE=1",
					"-DFOLLY_USE_LIBCPP=1",
					"-DFOLLY_CFG_NO_COROUTINES=1",
					"-DFOLLY_HAVE_CLOCK_GETTIME=1",
				);
				SDKROOT = iphoneos;
			};
			name = Debug;
		};
		83CBBA211A601CBA00E9B192 /* Release */ = {
			isa = XCBuildConfiguration;
			buildSettings = {
				ALWAYS_SEARCH_USER_PATHS = NO;
				CLANG_ANALYZER_LOCALIZABILITY_NONLOCALIZED = YES;
				CLANG_CXX_LANGUAGE_STANDARD = "c++20";
				CLANG_CXX_LIBRARY = "libc++";
				CLANG_ENABLE_MODULES = YES;
				CLANG_ENABLE_OBJC_ARC = YES;
				CLANG_WARN_BLOCK_CAPTURE_AUTORELEASING = YES;
				CLANG_WARN_BOOL_CONVERSION = YES;
				CLANG_WARN_COMMA = YES;
				CLANG_WARN_CONSTANT_CONVERSION = YES;
				CLANG_WARN_DEPRECATED_OBJC_IMPLEMENTATIONS = YES;
				CLANG_WARN_DIRECT_OBJC_ISA_USAGE = YES_ERROR;
				CLANG_WARN_EMPTY_BODY = YES;
				CLANG_WARN_ENUM_CONVERSION = YES;
				CLANG_WARN_INFINITE_RECURSION = YES;
				CLANG_WARN_INT_CONVERSION = YES;
				CLANG_WARN_NON_LITERAL_NULL_CONVERSION = YES;
				CLANG_WARN_OBJC_IMPLICIT_RETAIN_SELF = YES;
				CLANG_WARN_OBJC_LITERAL_CONVERSION = YES;
				CLANG_WARN_OBJC_ROOT_CLASS = YES_ERROR;
				CLANG_WARN_QUOTED_INCLUDE_IN_FRAMEWORK_HEADER = YES;
				CLANG_WARN_RANGE_LOOP_ANALYSIS = YES;
				CLANG_WARN_STRICT_PROTOTYPES = YES;
				CLANG_WARN_SUSPICIOUS_MOVE = YES;
				CLANG_WARN_UNREACHABLE_CODE = YES;
				CLANG_WARN__DUPLICATE_METHOD_MATCH = YES;
				"CODE_SIGN_IDENTITY[sdk=iphoneos*]" = "iPhone Developer";
				COPY_PHASE_STRIP = YES;
				ENABLE_NS_ASSERTIONS = NO;
				ENABLE_STRICT_OBJC_MSGSEND = YES;
				"EXCLUDED_ARCHS[sdk=iphonesimulator*]" = "";
				GCC_C_LANGUAGE_STANDARD = gnu99;
				GCC_NO_COMMON_BLOCKS = YES;
				GCC_WARN_64_TO_32_BIT_CONVERSION = YES;
				GCC_WARN_ABOUT_RETURN_TYPE = YES_ERROR;
				GCC_WARN_UNDECLARED_SELECTOR = YES;
				GCC_WARN_UNINITIALIZED_AUTOS = YES_AGGRESSIVE;
				GCC_WARN_UNUSED_FUNCTION = YES;
				GCC_WARN_UNUSED_VARIABLE = YES;
				IPHONEOS_DEPLOYMENT_TARGET = 15.1;
				LD_RUNPATH_SEARCH_PATHS = (
					/usr/lib/swift,
					"$(inherited)",
				);
				LIBRARY_SEARCH_PATHS = (
					"\"$(SDKROOT)/usr/lib/swift\"",
					"\"$(TOOLCHAIN_DIR)/usr/lib/swift/$(PLATFORM_NAME)\"",
					"\"$(inherited)\"",
				);
				MTL_ENABLE_DEBUG_INFO = NO;
				OTHER_CPLUSPLUSFLAGS = (
					"$(OTHER_CFLAGS)",
					"-DFOLLY_NO_CONFIG",
					"-DFOLLY_MOBILE=1",
					"-DFOLLY_USE_LIBCPP=1",
					"-DFOLLY_CFG_NO_COROUTINES=1",
					"-DFOLLY_HAVE_CLOCK_GETTIME=1",
				);
				SDKROOT = iphoneos;
				VALIDATE_PRODUCT = YES;
			};
			name = Release;
		};
/* End XCBuildConfiguration section */

/* Begin XCConfigurationList section */
		13B07F931A680F5B00A75B9A /* Build configuration list for PBXNativeTarget "Bolajon" */ = {
			isa = XCConfigurationList;
			buildConfigurations = (
				13B07F941A680F5B00A75B9A /* Debug */,
				13B07F951A680F5B00A75B9A /* Release */,
			);
			defaultConfigurationIsVisible = 0;
			defaultConfigurationName = Release;
		};
		83CBB9FA1A601CBA00E9B192 /* Build configuration list for PBXProject "Bolajon" */ = {
			isa = XCConfigurationList;
			buildConfigurations = (
				83CBBA201A601CBA00E9B192 /* Debug */,
				83CBBA211A601CBA00E9B192 /* Release */,
			);
			defaultConfigurationIsVisible = 0;
			defaultConfigurationName = Release;
		};
/* End XCConfigurationList section */
	};
	rootObject = 83CBB9F71A601CBA00E9B192 /* Project object */;
}
